
Microsoft Visual Studio Solution File, Format Version 12.00
# Visual Studio Version 16
VisualStudioVersion = 16.0.29709.97
MinimumVisualStudioVersion = 10.0.40219.1
Project("{FAE04EC0-301F-11D3-BF4B-00C04F79EFBC}") = "TestORM", "TestORM.csproj", "{D156C9E7-8096-4008-A9D1-36F6639A7F4E}"
EndProject
Global
	GlobalSection(SolutionConfigurationPlatforms) = preSolution
		Debug|Any CPU = Debug|Any CPU
		Release|Any CPU = Release|Any CPU
	EndGlobalSection
	GlobalSection(ProjectConfigurationPlatforms) = postSolution
		{D156C9E7-8096-4008-A9D1-36F6639A7F4E}.Debug|Any CPU.ActiveCfg = Debug|Any CPU
		{D156C9E7-8096-4008-A9D1-36F6639A7F4E}.Debug|Any CPU.Build.0 = Debug|Any CPU
		{D156C9E7-8096-4008-A9D1-36F6639A7F4E}.Release|Any CPU.ActiveCfg = Release|Any CPU
		{D156C9E7-8096-4008-A9D1-36F6639A7F4E}.Release|Any CPU.Build.0 = Release|Any CPU
	EndGlobalSection
	GlobalSection(SolutionProperties) = preSolution
		HideSolutionNode = FALSE
	EndGlobalSection
	GlobalSection(ExtensibilityGlobals) = postSolution
		SolutionGuid = {5D439082-3AB5-4E66-8285-3072F3C11D03}
	EndGlobalSection
EndGlobal
